
Microsoft Visual Studio Solution File, Format Version 12.00
Project("{2150E333-8FDC-42A3-9474-1A3956D46DE8}") = "src", "src", "{6048F3B1-5AEA-4F4F-AA78-621D1DB9B067}"
EndProject
Project("{FAE04EC0-301F-11D3-BF4B-00C04F79EFBC}") = "AuctionService", "src\AuctionService\AuctionService.csproj", "{4BBC2B28-7E6C-465C-8079-F496694A9B56}"
EndProject
Global
	GlobalSection(SolutionConfigurationPlatforms) = preSolution
		Debug|Any CPU = Debug|Any CPU
		Release|Any CPU = Release|Any CPU
	EndGlobalSection
	GlobalSection(NestedProjects) = preSolution
		{4BBC2B28-7E6C-465C-8079-F496694A9B56} = {6048F3B1-5AEA-4F4F-AA78-621D1DB9B067}
	EndGlobalSection
	GlobalSection(ProjectConfigurationPlatforms) = postSolution
		{4BBC2B28-7E6C-465C-8079-F496694A9B56}.Debug|Any CPU.ActiveCfg = Debug|Any CPU
		{4BBC2B28-7E6C-465C-8079-F496694A9B56}.Debug|Any CPU.Build.0 = Debug|Any CPU
		{4BBC2B28-7E6C-465C-8079-F496694A9B56}.Release|Any CPU.ActiveCfg = Release|Any CPU
		{4BBC2B28-7E6C-465C-8079-F496694A9B56}.Release|Any CPU.Build.0 = Release|Any CPU
	EndGlobalSection
EndGlobal
